
Microsoft Visual Studio Solution File, Format Version 12.00
# Visual Studio Version 16
VisualStudioVersion = 16.0.30309.148
MinimumVisualStudioVersion = 10.0.40219.1
Project("{FAE04EC0-301F-11D3-BF4B-00C04F79EFBC}") = "u20737671_HW03", "u20737671_HW03\u20737671_HW03.csproj", "{5EB4ED96-CBBD-4DA5-A005-154A951F3E8F}"
EndProject
Global
	GlobalSection(SolutionConfigurationPlatforms) = preSolution
		Debug|Any CPU = Debug|Any CPU
		Release|Any CPU = Release|Any CPU
	EndGlobalSection
	GlobalSection(ProjectConfigurationPlatforms) = postSolution
		{5EB4ED96-CBBD-4DA5-A005-154A951F3E8F}.Debug|Any CPU.ActiveCfg = Debug|Any CPU
		{5EB4ED96-CBBD-4DA5-A005-154A951F3E8F}.Debug|Any CPU.Build.0 = Debug|Any CPU
		{5EB4ED96-CBBD-4DA5-A005-154A951F3E8F}.Release|Any CPU.ActiveCfg = Release|Any CPU
		{5EB4ED96-CBBD-4DA5-A005-154A951F3E8F}.Release|Any CPU.Build.0 = Release|Any CPU
	EndGlobalSection
	GlobalSection(SolutionProperties) = preSolution
		HideSolutionNode = FALSE
	EndGlobalSection
	GlobalSection(ExtensibilityGlobals) = postSolution
		SolutionGuid = {52DE6A28-ACDF-4C09-BC3E-3CDCFD3A6912}
	EndGlobalSection
EndGlobal
